
Microsoft Visual Studio Solution File, Format Version 12.00
# Visual Studio Version 17
VisualStudioVersion = 17.9.34701.34
MinimumVisualStudioVersion = 10.0.40219.1
Project("{54A90642-561A-4BB1-A94E-469ADEE60C69}") = "Discord Bot", "Discord Bot.esproj", "{1A81A2A8-E0BC-44D6-8F41-596BF6F40DDA}"
EndProject
Global
	GlobalSection(SolutionConfigurationPlatforms) = preSolution
		Debug|Any CPU = Debug|Any CPU
		Release|Any CPU = Release|Any CPU
	EndGlobalSection
	GlobalSection(ProjectConfigurationPlatforms) = postSolution
		{1A81A2A8-E0BC-44D6-8F41-596BF6F40DDA}.Debug|Any CPU.ActiveCfg = Debug|Any CPU
		{1A81A2A8-E0BC-44D6-8F41-596BF6F40DDA}.Debug|Any CPU.Build.0 = Debug|Any CPU
		{1A81A2A8-E0BC-44D6-8F41-596BF6F40DDA}.Debug|Any CPU.Deploy.0 = Debug|Any CPU
		{1A81A2A8-E0BC-44D6-8F41-596BF6F40DDA}.Release|Any CPU.ActiveCfg = Release|Any CPU
		{1A81A2A8-E0BC-44D6-8F41-596BF6F40DDA}.Release|Any CPU.Build.0 = Release|Any CPU
		{1A81A2A8-E0BC-44D6-8F41-596BF6F40DDA}.Release|Any CPU.Deploy.0 = Release|Any CPU
	EndGlobalSection
	GlobalSection(SolutionProperties) = preSolution
		HideSolutionNode = FALSE
	EndGlobalSection
	GlobalSection(ExtensibilityGlobals) = postSolution
		SolutionGuid = {4D5192E9-D30B-4476-A109-95BCD83EEEE5}
	EndGlobalSection
EndGlobal
